{
  "name": "realworld-app",
  "lockfileVersion": 2,
  "requires": true,
  "packages": {
    "": {
      "devDependencies": {
        "elm-open-api": "^0.1.0-alpha.0"
      }
    },
    "node_modules/elm-open-api": {
      "version": "0.1.0-alpha.0",
      "resolved": "https://registry.npmjs.org/elm-open-api/-/elm-open-api-0.1.0-alpha.0.tgz",
      "integrity": "sha512-O9cozI3YkMDayjiBPOcVjSiMw3+E3tH6p0j/R/vu4+aVavJFLDqm/n8Ul6v9GiApLVZzJ0iBSfFmVcztJUNUIw==",
      "dev": true
    }
  },
  "dependencies": {
    "elm-open-api": {
      "version": "0.1.0-alpha.0",
      "resolved": "https://registry.npmjs.org/elm-open-api/-/elm-open-api-0.1.0-alpha.0.tgz",
      "integrity": "sha512-O9cozI3YkMDayjiBPOcVjSiMw3+E3tH6p0j/R/vu4+aVavJFLDqm/n8Ul6v9GiApLVZzJ0iBSfFmVcztJUNUIw==",
      "dev": true
    }
  }
}
